
Microsoft Visual Studio Solution File, Format Version 12.00
# Visual Studio Version 16
VisualStudioVersion = 16.0.31129.286
MinimumVisualStudioVersion = 10.0.40219.1
Project("{FAE04EC0-301F-11D3-BF4B-00C04F79EFBC}") = "Grafika_zad8", "Grafika_zad8\Grafika_zad8.csproj", "{CFFB31DC-608A-4E8D-8E0B-34B6BE92D530}"
EndProject
Global
	GlobalSection(SolutionConfigurationPlatforms) = preSolution
		Debug|Any CPU = Debug|Any CPU
		Release|Any CPU = Release|Any CPU
	EndGlobalSection
	GlobalSection(ProjectConfigurationPlatforms) = postSolution
		{CFFB31DC-608A-4E8D-8E0B-34B6BE92D530}.Debug|Any CPU.ActiveCfg = Debug|Any CPU
		{CFFB31DC-608A-4E8D-8E0B-34B6BE92D530}.Debug|Any CPU.Build.0 = Debug|Any CPU
		{CFFB31DC-608A-4E8D-8E0B-34B6BE92D530}.Release|Any CPU.ActiveCfg = Release|Any CPU
		{CFFB31DC-608A-4E8D-8E0B-34B6BE92D530}.Release|Any CPU.Build.0 = Release|Any CPU
	EndGlobalSection
	GlobalSection(SolutionProperties) = preSolution
		HideSolutionNode = FALSE
	EndGlobalSection
	GlobalSection(ExtensibilityGlobals) = postSolution
		SolutionGuid = {A0FAE1C1-BF76-4294-9051-7D7336EB1E2C}
	EndGlobalSection
EndGlobal
